
Microsoft Visual Studio Solution File, Format Version 12.00
# Visual Studio Version 17
VisualStudioVersion = 17.0.31903.59
MinimumVisualStudioVersion = 10.0.40219.1
Project("{2150E333-8FDC-42A3-9474-1A3956D46DE8}") = "src", "src", "{DE88F719-8E4C-4D06-8C1B-D1063536BEA3}"
EndProject
Project("{FAE04EC0-301F-11D3-BF4B-00C04F79EFBC}") = "Rpssl.Api", "src\Rpssl.Api\Rpssl.Api.csproj", "{A0CA5D8F-0514-42CB-9348-D0E76AC8A661}"
EndProject
Project("{FAE04EC0-301F-11D3-BF4B-00C04F79EFBC}") = "Rpssl.Domain", "src\Rpssl.Domain\Rpssl.Domain.csproj", "{53FC4DF1-66BF-418E-9482-8D0F3B8DE087}"
EndProject
Project("{FAE04EC0-301F-11D3-BF4B-00C04F79EFBC}") = "Rpssl.Application", "src\Rpssl.Application\Rpssl.Application.csproj", "{1BB0F88E-4024-4220-B031-CCEE72753B95}"
EndProject
Project("{FAE04EC0-301F-11D3-BF4B-00C04F79EFBC}") = "Rpssl.Infrastructure", "src\Rpssl.Infrastructure\Rpssl.Infrastructure.csproj", "{18838AFA-2832-43F7-93F0-423FB7CAA58E}"
EndProject
Global
	GlobalSection(SolutionConfigurationPlatforms) = preSolution
		Debug|Any CPU = Debug|Any CPU
		Release|Any CPU = Release|Any CPU
	EndGlobalSection
	GlobalSection(ProjectConfigurationPlatforms) = postSolution
		{A0CA5D8F-0514-42CB-9348-D0E76AC8A661}.Debug|Any CPU.ActiveCfg = Debug|Any CPU
		{A0CA5D8F-0514-42CB-9348-D0E76AC8A661}.Debug|Any CPU.Build.0 = Debug|Any CPU
		{A0CA5D8F-0514-42CB-9348-D0E76AC8A661}.Release|Any CPU.ActiveCfg = Release|Any CPU
		{A0CA5D8F-0514-42CB-9348-D0E76AC8A661}.Release|Any CPU.Build.0 = Release|Any CPU
		{53FC4DF1-66BF-418E-9482-8D0F3B8DE087}.Debug|Any CPU.ActiveCfg = Debug|Any CPU
		{53FC4DF1-66BF-418E-9482-8D0F3B8DE087}.Debug|Any CPU.Build.0 = Debug|Any CPU
		{53FC4DF1-66BF-418E-9482-8D0F3B8DE087}.Release|Any CPU.ActiveCfg = Release|Any CPU
		{53FC4DF1-66BF-418E-9482-8D0F3B8DE087}.Release|Any CPU.Build.0 = Release|Any CPU
		{1BB0F88E-4024-4220-B031-CCEE72753B95}.Debug|Any CPU.ActiveCfg = Debug|Any CPU
		{1BB0F88E-4024-4220-B031-CCEE72753B95}.Debug|Any CPU.Build.0 = Debug|Any CPU
		{1BB0F88E-4024-4220-B031-CCEE72753B95}.Release|Any CPU.ActiveCfg = Release|Any CPU
		{1BB0F88E-4024-4220-B031-CCEE72753B95}.Release|Any CPU.Build.0 = Release|Any CPU
		{18838AFA-2832-43F7-93F0-423FB7CAA58E}.Debug|Any CPU.ActiveCfg = Debug|Any CPU
		{18838AFA-2832-43F7-93F0-423FB7CAA58E}.Debug|Any CPU.Build.0 = Debug|Any CPU
		{18838AFA-2832-43F7-93F0-423FB7CAA58E}.Release|Any CPU.ActiveCfg = Release|Any CPU
		{18838AFA-2832-43F7-93F0-423FB7CAA58E}.Release|Any CPU.Build.0 = Release|Any CPU
	EndGlobalSection
	GlobalSection(SolutionProperties) = preSolution
		HideSolutionNode = FALSE
	EndGlobalSection
	GlobalSection(NestedProjects) = preSolution
		{A0CA5D8F-0514-42CB-9348-D0E76AC8A661} = {DE88F719-8E4C-4D06-8C1B-D1063536BEA3}
		{53FC4DF1-66BF-418E-9482-8D0F3B8DE087} = {DE88F719-8E4C-4D06-8C1B-D1063536BEA3}
		{1BB0F88E-4024-4220-B031-CCEE72753B95} = {DE88F719-8E4C-4D06-8C1B-D1063536BEA3}
		{18838AFA-2832-43F7-93F0-423FB7CAA58E} = {DE88F719-8E4C-4D06-8C1B-D1063536BEA3}
	EndGlobalSection
	GlobalSection(ExtensibilityGlobals) = postSolution
		SolutionGuid = {481E0212-DFA0-403E-A73B-C40D3783594F}
	EndGlobalSection
EndGlobal
